{
  "version": 4,
  "terraform_version": "1.1.5",
  "serial": 108,
  "lineage": "0616cec8-ab9e-bb96-aeeb-e668f9e5ce72",
  "outputs": {
    "function_name": {
      "value": "ListBucketContents",
      "type": "string"
    },
    "lambda_bucket_name": {
      "value": "serverless-blog-functions",
      "type": "string"
    }
  },
  "resources": [
    {
      "module": "module.content",
      "mode": "data",
      "type": "aws_iam_policy_document",
      "name": "blog_content_policy",
      "provider": "provider[\"registry.terraform.io/hashicorp/aws\"]",
      "instances": [
        {
          "schema_version": 0,
          "attributes": {
            "id": "2291552358",
            "json": "{\n  \"Version\": \"2012-10-17\",\n  \"Statement\": [\n    {\n      \"Sid\": \"AddPerm\",\n      \"Effect\": \"Allow\",\n      \"Action\": [\n        \"s3:ListBucket\",\n        \"s3:GetObject\"\n      ],\n      \"Resource\": [\n        \"arn:aws:s3:::serverless-blog-contents/*\",\n        \"arn:aws:s3:::serverless-blog-contents\"\n      ],\n      \"Principal\": {\n        \"AWS\": \"*\"\n      }\n    }\n  ]\n}",
            "override_json": null,
            "override_policy_documents": null,
            "policy_id": null,
            "source_json": null,
            "source_policy_documents": null,
            "statement": [
              {
                "actions": [
                  "s3:GetObject",
                  "s3:ListBucket"
                ],
                "condition": [],
                "effect": "Allow",
                "not_actions": [],
                "not_principals": [],
                "not_resources": [],
                "principals": [
                  {
                    "identifiers": [
                      "*"
                    ],
                    "type": "AWS"
                  }
                ],
                "resources": [
                  "arn:aws:s3:::serverless-blog-contents",
                  "arn:aws:s3:::serverless-blog-contents/*"
                ],
                "sid": "AddPerm"
              }
            ],
            "version": "2012-10-17"
          },
          "sensitive_attributes": []
        }
      ]
    },
    {
      "module": "module.content",
      "mode": "managed",
      "type": "aws_s3_bucket",
      "name": "blog_content",
      "provider": "provider[\"registry.terraform.io/hashicorp/aws\"]",
      "instances": [
        {
          "schema_version": 0,
          "attributes": {
            "acceleration_status": "",
            "acl": "private",
            "arn": "arn:aws:s3:::serverless-blog-contents",
            "bucket": "serverless-blog-contents",
            "bucket_domain_name": "serverless-blog-contents.s3.amazonaws.com",
            "bucket_prefix": null,
            "bucket_regional_domain_name": "serverless-blog-contents.s3.amazonaws.com",
            "cors_rule": [],
            "force_destroy": true,
            "grant": [],
            "hosted_zone_id": "Z3AQBSTGFYJSTF",
            "id": "serverless-blog-contents",
            "lifecycle_rule": [],
            "logging": [],
            "object_lock_configuration": [],
            "policy": "{\"Version\":\"2012-10-17\",\"Statement\":[{\"Sid\":\"AddPerm\",\"Effect\":\"Allow\",\"Principal\":{\"AWS\":\"*\"},\"Action\":[\"s3:ListBucket\",\"s3:GetObject\"],\"Resource\":[\"arn:aws:s3:::serverless-blog-contents/*\",\"arn:aws:s3:::serverless-blog-contents\"]}]}",
            "region": "us-east-1",
            "replication_configuration": [],
            "request_payer": "BucketOwner",
            "server_side_encryption_configuration": [],
            "tags": {},
            "tags_all": {},
            "versioning": [
              {
                "enabled": false,
                "mfa_delete": false
              }
            ],
            "website": [],
            "website_domain": null,
            "website_endpoint": null
          },
          "sensitive_attributes": [],
          "private": "bnVsbA=="
        }
      ]
    },
    {
      "module": "module.content",
      "mode": "managed",
      "type": "aws_s3_bucket_policy",
      "name": "blog_content_policy",
      "provider": "provider[\"registry.terraform.io/hashicorp/aws\"]",
      "instances": [
        {
          "schema_version": 0,
          "attributes": {
            "bucket": "serverless-blog-contents",
            "id": "serverless-blog-contents",
            "policy": "{\"Statement\":[{\"Action\":[\"s3:ListBucket\",\"s3:GetObject\"],\"Effect\":\"Allow\",\"Principal\":{\"AWS\":\"*\"},\"Resource\":[\"arn:aws:s3:::serverless-blog-contents/*\",\"arn:aws:s3:::serverless-blog-contents\"],\"Sid\":\"AddPerm\"}],\"Version\":\"2012-10-17\"}"
          },
          "sensitive_attributes": [],
          "private": "bnVsbA==",
          "dependencies": [
            "module.content.aws_s3_bucket.blog_content",
            "module.content.data.aws_iam_policy_document.blog_content_policy"
          ]
        }
      ]
    },
    {
      "module": "module.frontend",
      "mode": "data",
      "type": "aws_route53_zone",
      "name": "main",
      "provider": "provider[\"registry.terraform.io/hashicorp/aws\"]",
      "instances": [
        {
          "schema_version": 0,
          "attributes": {
            "arn": "arn:aws:route53:::hostedzone/Z0728686NRK5LUBK7QHG",
            "caller_reference": "0eca2690-6f4f-4c3d-9f53-2c926478e50b",
            "comment": "The home of ScubaDiveDubai online store",
            "id": "Z0728686NRK5LUBK7QHG",
            "linked_service_description": null,
            "linked_service_principal": null,
            "name": "scubadivedubai.com",
            "name_servers": [
              "ns-1335.awsdns-38.org",
              "ns-383.awsdns-47.com",
              "ns-1993.awsdns-57.co.uk",
              "ns-828.awsdns-39.net"
            ],
            "private_zone": false,
            "resource_record_set_count": 2,
            "tags": {
              "Environment": "Production",
              "Name": "Scubadivedubai"
            },
            "vpc_id": null,
            "zone_id": "Z0728686NRK5LUBK7QHG"
          },
          "sensitive_attributes": []
        }
      ]
    },
    {
      "module": "module.frontend",
      "mode": "managed",
      "type": "aws_route53_record",
      "name": "main",
      "provider": "provider[\"registry.terraform.io/hashicorp/aws\"]",
      "instances": []
    },
    {
      "module": "module.frontend",
      "mode": "managed",
      "type": "aws_route53_record",
      "name": "www",
      "provider": "provider[\"registry.terraform.io/hashicorp/aws\"]",
      "instances": []
    },
    {
      "module": "module.frontend",
      "mode": "managed",
      "type": "aws_s3_bucket",
      "name": "frontend_main",
      "provider": "provider[\"registry.terraform.io/hashicorp/aws\"]",
      "instances": [
        {
          "schema_version": 0,
          "attributes": {
            "acceleration_status": "",
            "acl": "private",
            "arn": "arn:aws:s3:::scubadivedubai.com",
            "bucket": "scubadivedubai.com",
            "bucket_domain_name": "scubadivedubai.com.s3.amazonaws.com",
            "bucket_prefix": null,
            "bucket_regional_domain_name": "scubadivedubai.com.s3.amazonaws.com",
            "cors_rule": [],
            "force_destroy": false,
            "grant": [],
            "hosted_zone_id": "Z3AQBSTGFYJSTF",
            "id": "scubadivedubai.com",
            "lifecycle_rule": [],
            "logging": [],
            "object_lock_configuration": [],
            "policy": "{\"Version\":\"2012-10-17\",\"Statement\":[{\"Sid\":\"PublicReadGetObject\",\"Effect\":\"Allow\",\"Principal\":{\"AWS\":\"arn:aws:iam::cloudfront:user/CloudFront Origin Access Identity EIXPYLG6F12O9\"},\"Action\":\"s3:GetObject\",\"Resource\":\"arn:aws:s3:::scubadivedubai.com/*\"}]}",
            "region": "us-east-1",
            "replication_configuration": [],
            "request_payer": "BucketOwner",
            "server_side_encryption_configuration": [],
            "tags": {},
            "tags_all": {},
            "versioning": [
              {
                "enabled": false,
                "mfa_delete": false
              }
            ],
            "website": [
              {
                "error_document": "error.html",
                "index_document": "index.html",
                "redirect_all_requests_to": "",
                "routing_rules": ""
              }
            ],
            "website_domain": "s3-website-us-east-1.amazonaws.com",
            "website_endpoint": "scubadivedubai.com.s3-website-us-east-1.amazonaws.com"
          },
          "sensitive_attributes": [],
          "private": "bnVsbA=="
        }
      ]
    },
    {
      "module": "module.frontend",
      "mode": "managed",
      "type": "aws_s3_bucket",
      "name": "frontend_redirect",
      "provider": "provider[\"registry.terraform.io/hashicorp/aws\"]",
      "instances": [
        {
          "schema_version": 0,
          "attributes": {
            "acceleration_status": "",
            "acl": "private",
            "arn": "arn:aws:s3:::www.scubadivedubai.com",
            "bucket": "www.scubadivedubai.com",
            "bucket_domain_name": "www.scubadivedubai.com.s3.amazonaws.com",
            "bucket_prefix": null,
            "bucket_regional_domain_name": "www.scubadivedubai.com.s3.amazonaws.com",
            "cors_rule": [],
            "force_destroy": false,
            "grant": [],
            "hosted_zone_id": "Z3AQBSTGFYJSTF",
            "id": "www.scubadivedubai.com",
            "lifecycle_rule": [],
            "logging": [],
            "object_lock_configuration": [],
            "policy": "",
            "region": "us-east-1",
            "replication_configuration": [],
            "request_payer": "BucketOwner",
            "server_side_encryption_configuration": [],
            "tags": {},
            "tags_all": {},
            "versioning": [
              {
                "enabled": false,
                "mfa_delete": false
              }
            ],
            "website": [
              {
                "error_document": "",
                "index_document": "",
                "redirect_all_requests_to": "https://scubadivedubai.com",
                "routing_rules": ""
              }
            ],
            "website_domain": "s3-website-us-east-1.amazonaws.com",
            "website_endpoint": "www.scubadivedubai.com.s3-website-us-east-1.amazonaws.com"
          },
          "sensitive_attributes": [],
          "private": "bnVsbA=="
        }
      ]
    },
    {
      "module": "module.frontend",
      "mode": "managed",
      "type": "aws_s3_bucket_acl",
      "name": "frontend_main",
      "provider": "provider[\"registry.terraform.io/hashicorp/aws\"]",
      "instances": [
        {
          "schema_version": 0,
          "attributes": {
            "access_control_policy": [
              {
                "grant": [
                  {
                    "grantee": [
                      {
                        "display_name": "",
                        "email_address": "",
                        "id": "",
                        "type": "Group",
                        "uri": "http://acs.amazonaws.com/groups/global/AllUsers"
                      }
                    ],
                    "permission": "READ"
                  },
                  {
                    "grantee": [
                      {
                        "display_name": "subaquatic.pierre",
                        "email_address": "",
                        "id": "f796c217ff7e58ca16740709ec1463847d0b3cd71e978f7d167f6cc7b6f0068e",
                        "type": "CanonicalUser",
                        "uri": ""
                      }
                    ],
                    "permission": "FULL_CONTROL"
                  }
                ],
                "owner": [
                  {
                    "display_name": "subaquatic.pierre",
                    "id": "f796c217ff7e58ca16740709ec1463847d0b3cd71e978f7d167f6cc7b6f0068e"
                  }
                ]
              }
            ],
            "acl": "public-read",
            "bucket": "scubadivedubai.com",
            "expected_bucket_owner": "",
            "id": "scubadivedubai.com,public-read"
          },
          "sensitive_attributes": [],
          "private": "bnVsbA==",
          "dependencies": [
            "module.frontend.aws_s3_bucket.frontend_main"
          ]
        }
      ]
    },
    {
      "module": "module.frontend",
      "mode": "managed",
      "type": "aws_s3_bucket_policy",
      "name": "main",
      "provider": "provider[\"registry.terraform.io/hashicorp/aws\"]",
      "instances": [
        {
          "schema_version": 0,
          "attributes": {
            "bucket": "scubadivedubai.com",
            "id": "scubadivedubai.com",
            "policy": "{\n    \"Version\": \"2012-10-17\",\n    \"Statement\": [\n        {\n            \"Sid\": \"PublicReadGetObject\",\n            \"Effect\": \"Allow\",\n            \"Principal\": {\n              \"AWS\": \"origin-access-identity/cloudfront/ABCDEFG1234567\"\n              },\n            \"Action\": [\n                \"s3:GetObject\"\n            ],\n            \"Resource\": [\n                \"arn:aws:s3:::scubadivedubai.com/*\"\n            ]\n        }\n    ]\n}\n"
          },
          "sensitive_attributes": [],
          "private": "bnVsbA==",
          "dependencies": [
            "module.frontend.aws_s3_bucket.frontend_main"
          ]
        }
      ]
    },
    {
      "module": "module.frontend",
      "mode": "managed",
      "type": "aws_s3_bucket_website_configuration",
      "name": "frontend_main",
      "provider": "provider[\"registry.terraform.io/hashicorp/aws\"]",
      "instances": [
        {
          "schema_version": 0,
          "attributes": {
            "bucket": "scubadivedubai.com",
            "error_document": [
              {
                "key": "error.html"
              }
            ],
            "expected_bucket_owner": "",
            "id": "scubadivedubai.com",
            "index_document": [
              {
                "suffix": "index.html"
              }
            ],
            "redirect_all_requests_to": [],
            "routing_rule": [],
            "website_domain": "s3-website-us-east-1.amazonaws.com",
            "website_endpoint": "scubadivedubai.com.s3-website-us-east-1.amazonaws.com"
          },
          "sensitive_attributes": [],
          "private": "bnVsbA==",
          "dependencies": [
            "module.frontend.aws_s3_bucket.frontend_main"
          ]
        }
      ]
    },
    {
      "module": "module.frontend",
      "mode": "managed",
      "type": "aws_s3_bucket_website_configuration",
      "name": "frontend_redirect",
      "provider": "provider[\"registry.terraform.io/hashicorp/aws\"]",
      "instances": [
        {
          "schema_version": 0,
          "attributes": {
            "bucket": "www.scubadivedubai.com",
            "error_document": [],
            "expected_bucket_owner": "",
            "id": "www.scubadivedubai.com",
            "index_document": [],
            "redirect_all_requests_to": [
              {
                "host_name": "https://scubadivedubai.com",
                "protocol": "https"
              }
            ],
            "routing_rule": [],
            "website_domain": "s3-website-us-east-1.amazonaws.com",
            "website_endpoint": "www.scubadivedubai.com.s3-website-us-east-1.amazonaws.com"
          },
          "sensitive_attributes": [],
          "private": "bnVsbA==",
          "dependencies": [
            "module.frontend.aws_s3_bucket.frontend_redirect"
          ]
        }
      ]
    },
    {
      "module": "module.lambda",
      "mode": "data",
      "type": "archive_file",
      "name": "lambda_functions",
      "provider": "provider[\"registry.terraform.io/hashicorp/archive\"]",
      "instances": [
        {
          "schema_version": 0,
          "attributes": {
            "excludes": null,
            "id": "c477cd4ef9c7416521b7487657de6ec05067a523",
            "output_base64sha256": "AsRoSQKYbIASeUzlN49GbDTH/dXsfEzuFn38uy3ACJM=",
            "output_file_mode": null,
            "output_md5": "f17b3bc79ff0f00dfa4ed0efc80db30d",
            "output_path": "lambda/functions.zip",
            "output_sha": "c477cd4ef9c7416521b7487657de6ec05067a523",
            "output_size": 473,
            "source": [],
            "source_content": null,
            "source_content_filename": null,
            "source_dir": "lambda/functions",
            "source_file": null,
            "type": "zip"
          },
          "sensitive_attributes": []
        }
      ]
    },
    {
      "module": "module.lambda",
      "mode": "managed",
      "type": "aws_iam_policy",
      "name": "lambda_bucket_policy",
      "provider": "provider[\"registry.terraform.io/hashicorp/aws\"]",
      "instances": [
        {
          "schema_version": 0,
          "attributes": {
            "arn": "arn:aws:iam::032796414879:policy/bucket_policy",
            "description": "",
            "id": "arn:aws:iam::032796414879:policy/bucket_policy",
            "name": "bucket_policy",
            "name_prefix": null,
            "path": "/",
            "policy": "{\"Statement\":[{\"Action\":[\"s3:ListBucket\"],\"Effect\":\"Allow\",\"Resource\":[\"arn:aws:s3:::serverless-blog-functions\"],\"Sid\":\"ListObjectsInBucket\"},{\"Action\":[\"s3:*Object\"],\"Effect\":\"Allow\",\"Resource\":[\"arn:aws:s3:::serverless-blog-functions\"],\"Sid\":\"AllObjectActions\"}],\"Version\":\"2012-10-17\"}",
            "policy_id": "ANPAQPIWRSOP3GO54N6FD",
            "tags": {},
            "tags_all": {}
          },
          "sensitive_attributes": [],
          "private": "bnVsbA==",
          "dependencies": [
            "module.lambda.aws_s3_bucket.lambda_bucket"
          ]
        }
      ]
    },
    {
      "module": "module.lambda",
      "mode": "managed",
      "type": "aws_iam_role",
      "name": "lambda_exec",
      "provider": "provider[\"registry.terraform.io/hashicorp/aws\"]",
      "instances": [
        {
          "schema_version": 0,
          "attributes": {
            "arn": "arn:aws:iam::032796414879:role/serverless_lambda",
            "assume_role_policy": "{\"Version\":\"2012-10-17\",\"Statement\":[{\"Sid\":\"\",\"Effect\":\"Allow\",\"Principal\":{\"Service\":\"lambda.amazonaws.com\"},\"Action\":\"sts:AssumeRole\"}]}",
            "create_date": "2022-03-12T08:50:59Z",
            "description": "",
            "force_detach_policies": false,
            "id": "serverless_lambda",
            "inline_policy": [
              {
                "name": "",
                "policy": ""
              }
            ],
            "managed_policy_arns": [
              "arn:aws:iam::032796414879:policy/bucket_policy"
            ],
            "max_session_duration": 3600,
            "name": "serverless_lambda",
            "name_prefix": "",
            "path": "/",
            "permissions_boundary": null,
            "tags": {},
            "tags_all": {},
            "unique_id": "AROAQPIWRSOPY7Q2SCDQY"
          },
          "sensitive_attributes": [],
          "private": "bnVsbA=="
        }
      ]
    },
    {
      "module": "module.lambda",
      "mode": "managed",
      "type": "aws_iam_role_policy_attachment",
      "name": "lambda_policy",
      "provider": "provider[\"registry.terraform.io/hashicorp/aws\"]",
      "instances": [
        {
          "schema_version": 0,
          "attributes": {
            "id": "serverless_lambda-20220312085121531200000001",
            "policy_arn": "arn:aws:iam::032796414879:policy/bucket_policy",
            "role": "serverless_lambda"
          },
          "sensitive_attributes": [],
          "private": "bnVsbA==",
          "dependencies": [
            "module.lambda.aws_iam_policy.lambda_bucket_policy",
            "module.lambda.aws_iam_role.lambda_exec",
            "module.lambda.aws_s3_bucket.lambda_bucket"
          ]
        }
      ]
    },
    {
      "module": "module.lambda",
      "mode": "managed",
      "type": "aws_lambda_function",
      "name": "list_bucket_content",
      "provider": "provider[\"registry.terraform.io/hashicorp/aws\"]",
      "instances": [
        {
          "schema_version": 0,
          "attributes": {
            "architectures": [
              "x86_64"
            ],
            "arn": "arn:aws:lambda:us-east-1:032796414879:function:ListBucketContents",
            "code_signing_config_arn": "",
            "dead_letter_config": [],
            "description": "",
            "environment": [],
            "file_system_config": [],
            "filename": null,
            "function_name": "ListBucketContents",
            "handler": "list_bucket_contents.handler",
            "id": "ListBucketContents",
            "image_config": [],
            "image_uri": "",
            "invoke_arn": "arn:aws:apigateway:us-east-1:lambda:path/2015-03-31/functions/arn:aws:lambda:us-east-1:032796414879:function:ListBucketContents/invocations",
            "kms_key_arn": "",
            "last_modified": "2022-03-12T08:52:06.508+0000",
            "layers": [],
            "memory_size": 128,
            "package_type": "Zip",
            "publish": false,
            "qualified_arn": "arn:aws:lambda:us-east-1:032796414879:function:ListBucketContents:$LATEST",
            "reserved_concurrent_executions": -1,
            "role": "arn:aws:iam::032796414879:role/serverless_lambda",
            "runtime": "python3.9",
            "s3_bucket": "serverless-blog-functions",
            "s3_key": "functions.zip",
            "s3_object_version": null,
            "signing_job_arn": "",
            "signing_profile_version_arn": "",
            "source_code_hash": "AsRoSQKYbIASeUzlN49GbDTH/dXsfEzuFn38uy3ACJM=",
            "source_code_size": 473,
            "tags": {},
            "tags_all": {},
            "timeout": 3,
            "timeouts": null,
            "tracing_config": [
              {
                "mode": "PassThrough"
              }
            ],
            "version": "$LATEST",
            "vpc_config": []
          },
          "sensitive_attributes": [],
          "private": "eyJlMmJmYjczMC1lY2FhLTExZTYtOGY4OC0zNDM2M2JjN2M0YzAiOnsiY3JlYXRlIjo2MDAwMDAwMDAwMDB9fQ==",
          "dependencies": [
            "module.lambda.aws_iam_role.lambda_exec",
            "module.lambda.aws_s3_bucket.lambda_bucket",
            "module.lambda.aws_s3_object.lambda_functions",
            "module.lambda.data.archive_file.lambda_functions"
          ]
        }
      ]
    },
    {
      "module": "module.lambda",
      "mode": "managed",
      "type": "aws_s3_bucket",
      "name": "lambda_bucket",
      "provider": "provider[\"registry.terraform.io/hashicorp/aws\"]",
      "instances": [
        {
          "schema_version": 0,
          "attributes": {
            "acceleration_status": "",
            "acl": "private",
            "arn": "arn:aws:s3:::serverless-blog-functions",
            "bucket": "serverless-blog-functions",
            "bucket_domain_name": "serverless-blog-functions.s3.amazonaws.com",
            "bucket_prefix": null,
            "bucket_regional_domain_name": "serverless-blog-functions.s3.amazonaws.com",
            "cors_rule": [],
            "force_destroy": true,
            "grant": [],
            "hosted_zone_id": "Z3AQBSTGFYJSTF",
            "id": "serverless-blog-functions",
            "lifecycle_rule": [],
            "logging": [],
            "object_lock_configuration": [],
            "policy": "",
            "region": "us-east-1",
            "replication_configuration": [],
            "request_payer": "BucketOwner",
            "server_side_encryption_configuration": [],
            "tags": {},
            "tags_all": {},
            "versioning": [
              {
                "enabled": false,
                "mfa_delete": false
              }
            ],
            "website": [],
            "website_domain": null,
            "website_endpoint": null
          },
          "sensitive_attributes": [],
          "private": "bnVsbA=="
        }
      ]
    },
    {
      "module": "module.lambda",
      "mode": "managed",
      "type": "aws_s3_bucket_acl",
      "name": "lambda_bucket",
      "provider": "provider[\"registry.terraform.io/hashicorp/aws\"]",
      "instances": [
        {
          "schema_version": 0,
          "attributes": {
            "access_control_policy": [
              {
                "grant": [
                  {
                    "grantee": [
                      {
                        "display_name": "subaquatic.pierre",
                        "email_address": "",
                        "id": "f796c217ff7e58ca16740709ec1463847d0b3cd71e978f7d167f6cc7b6f0068e",
                        "type": "CanonicalUser",
                        "uri": ""
                      }
                    ],
                    "permission": "FULL_CONTROL"
                  }
                ],
                "owner": [
                  {
                    "display_name": "subaquatic.pierre",
                    "id": "f796c217ff7e58ca16740709ec1463847d0b3cd71e978f7d167f6cc7b6f0068e"
                  }
                ]
              }
            ],
            "acl": "private",
            "bucket": "serverless-blog-functions",
            "expected_bucket_owner": "",
            "id": "serverless-blog-functions,private"
          },
          "sensitive_attributes": [],
          "private": "bnVsbA==",
          "dependencies": [
            "module.lambda.aws_s3_bucket.lambda_bucket"
          ]
        }
      ]
    },
    {
      "module": "module.lambda",
      "mode": "managed",
      "type": "aws_s3_object",
      "name": "lambda_functions",
      "provider": "provider[\"registry.terraform.io/hashicorp/aws\"]",
      "instances": [
        {
          "schema_version": 0,
          "attributes": {
            "acl": "private",
            "bucket": "serverless-blog-functions",
            "bucket_key_enabled": false,
            "cache_control": "",
            "content": null,
            "content_base64": null,
            "content_disposition": "",
            "content_encoding": "",
            "content_language": "",
            "content_type": "binary/octet-stream",
            "etag": "f17b3bc79ff0f00dfa4ed0efc80db30d",
            "force_destroy": false,
            "id": "functions.zip",
            "key": "functions.zip",
            "kms_key_id": null,
            "metadata": {},
            "object_lock_legal_hold_status": "",
            "object_lock_mode": "",
            "object_lock_retain_until_date": "",
            "server_side_encryption": "",
            "source": "lambda/functions.zip",
            "source_hash": null,
            "storage_class": "STANDARD",
            "tags": {},
            "tags_all": {},
            "version_id": "",
            "website_redirect": ""
          },
          "sensitive_attributes": [],
          "private": "bnVsbA==",
          "dependencies": [
            "module.lambda.aws_s3_bucket.lambda_bucket",
            "module.lambda.data.archive_file.lambda_functions"
          ]
        }
      ]
    }
  ]
}
